
Microsoft Visual Studio Solution File, Format Version 12.00
# Visual Studio 14
VisualStudioVersion = 14.0.25420.1
MinimumVisualStudioVersion = 10.0.40219.1
Project("{FAE04EC0-301F-11D3-BF4B-00C04F79EFBC}") = "VpnSelectorLib", "VpnSelectorLib\VpnSelectorLib.csproj", "{BA5D89B1-F184-4B1F-A84B-4F1ACA1DB3AD}"
EndProject
Project("{FAE04EC0-301F-11D3-BF4B-00C04F79EFBC}") = "VpnSelectorApp", "VpnSelectorApp\VpnSelectorApp.csproj", "{FA66A7D6-B31D-412D-842A-70694086FFE2}"
EndProject
Project("{FAE04EC0-301F-11D3-BF4B-00C04F79EFBC}") = "WebAccountLib", "WebAccountLib\WebAccountLib.csproj", "{3D68A794-058F-4F5D-9580-BC7FAE38021D}"
EndProject
Project("{FAE04EC0-301F-11D3-BF4B-00C04F79EFBC}") = "WebAccountApp", "WebAccountApp\WebAccountApp.csproj", "{5EC2EAF7-A0BE-4901-BD95-6BD9253BD992}"
EndProject
Project("{FAE04EC0-301F-11D3-BF4B-00C04F79EFBC}") = "EmbeddedBrowserControl", "EmbeddedBrowserControl\EmbeddedBrowserControl.csproj", "{BE3EF27C-D753-4FF2-A80C-6E9FA17E5AE7}"
EndProject
Global
	GlobalSection(SolutionConfigurationPlatforms) = preSolution
		Debug|Any CPU = Debug|Any CPU
		Debug|x64 = Debug|x64
		Debug|x86 = Debug|x86
		Release|Any CPU = Release|Any CPU
		Release|x64 = Release|x64
		Release|x86 = Release|x86
	EndGlobalSection
	GlobalSection(ProjectConfigurationPlatforms) = postSolution
		{BA5D89B1-F184-4B1F-A84B-4F1ACA1DB3AD}.Debug|Any CPU.ActiveCfg = Debug|Any CPU
		{BA5D89B1-F184-4B1F-A84B-4F1ACA1DB3AD}.Debug|Any CPU.Build.0 = Debug|Any CPU
		{BA5D89B1-F184-4B1F-A84B-4F1ACA1DB3AD}.Debug|x64.ActiveCfg = Debug|Any CPU
		{BA5D89B1-F184-4B1F-A84B-4F1ACA1DB3AD}.Debug|x64.Build.0 = Debug|Any CPU
		{BA5D89B1-F184-4B1F-A84B-4F1ACA1DB3AD}.Debug|x86.ActiveCfg = Debug|Any CPU
		{BA5D89B1-F184-4B1F-A84B-4F1ACA1DB3AD}.Debug|x86.Build.0 = Debug|Any CPU
		{BA5D89B1-F184-4B1F-A84B-4F1ACA1DB3AD}.Release|Any CPU.ActiveCfg = Release|Any CPU
		{BA5D89B1-F184-4B1F-A84B-4F1ACA1DB3AD}.Release|Any CPU.Build.0 = Release|Any CPU
		{BA5D89B1-F184-4B1F-A84B-4F1ACA1DB3AD}.Release|x64.ActiveCfg = Release|Any CPU
		{BA5D89B1-F184-4B1F-A84B-4F1ACA1DB3AD}.Release|x64.Build.0 = Release|Any CPU
		{BA5D89B1-F184-4B1F-A84B-4F1ACA1DB3AD}.Release|x86.ActiveCfg = Release|Any CPU
		{BA5D89B1-F184-4B1F-A84B-4F1ACA1DB3AD}.Release|x86.Build.0 = Release|Any CPU
		{FA66A7D6-B31D-412D-842A-70694086FFE2}.Debug|Any CPU.ActiveCfg = Debug|Any CPU
		{FA66A7D6-B31D-412D-842A-70694086FFE2}.Debug|Any CPU.Build.0 = Debug|Any CPU
		{FA66A7D6-B31D-412D-842A-70694086FFE2}.Debug|x64.ActiveCfg = Debug|x64
		{FA66A7D6-B31D-412D-842A-70694086FFE2}.Debug|x64.Build.0 = Debug|x64
		{FA66A7D6-B31D-412D-842A-70694086FFE2}.Debug|x86.ActiveCfg = Debug|Any CPU
		{FA66A7D6-B31D-412D-842A-70694086FFE2}.Debug|x86.Build.0 = Debug|Any CPU
		{FA66A7D6-B31D-412D-842A-70694086FFE2}.Release|Any CPU.ActiveCfg = Release|Any CPU
		{FA66A7D6-B31D-412D-842A-70694086FFE2}.Release|Any CPU.Build.0 = Release|Any CPU
		{FA66A7D6-B31D-412D-842A-70694086FFE2}.Release|x64.ActiveCfg = Release|x64
		{FA66A7D6-B31D-412D-842A-70694086FFE2}.Release|x64.Build.0 = Release|x64
		{FA66A7D6-B31D-412D-842A-70694086FFE2}.Release|x86.ActiveCfg = Release|Any CPU
		{FA66A7D6-B31D-412D-842A-70694086FFE2}.Release|x86.Build.0 = Release|Any CPU
		{3D68A794-058F-4F5D-9580-BC7FAE38021D}.Debug|Any CPU.ActiveCfg = Debug|Any CPU
		{3D68A794-058F-4F5D-9580-BC7FAE38021D}.Debug|Any CPU.Build.0 = Debug|Any CPU
		{3D68A794-058F-4F5D-9580-BC7FAE38021D}.Debug|x64.ActiveCfg = Debug|Any CPU
		{3D68A794-058F-4F5D-9580-BC7FAE38021D}.Debug|x64.Build.0 = Debug|Any CPU
		{3D68A794-058F-4F5D-9580-BC7FAE38021D}.Debug|x86.ActiveCfg = Debug|Any CPU
		{3D68A794-058F-4F5D-9580-BC7FAE38021D}.Debug|x86.Build.0 = Debug|Any CPU
		{3D68A794-058F-4F5D-9580-BC7FAE38021D}.Release|Any CPU.ActiveCfg = Release|Any CPU
		{3D68A794-058F-4F5D-9580-BC7FAE38021D}.Release|Any CPU.Build.0 = Release|Any CPU
		{3D68A794-058F-4F5D-9580-BC7FAE38021D}.Release|x64.ActiveCfg = Release|Any CPU
		{3D68A794-058F-4F5D-9580-BC7FAE38021D}.Release|x64.Build.0 = Release|Any CPU
		{3D68A794-058F-4F5D-9580-BC7FAE38021D}.Release|x86.ActiveCfg = Release|Any CPU
		{3D68A794-058F-4F5D-9580-BC7FAE38021D}.Release|x86.Build.0 = Release|Any CPU
		{5EC2EAF7-A0BE-4901-BD95-6BD9253BD992}.Debug|Any CPU.ActiveCfg = Debug|Any CPU
		{5EC2EAF7-A0BE-4901-BD95-6BD9253BD992}.Debug|Any CPU.Build.0 = Debug|Any CPU
		{5EC2EAF7-A0BE-4901-BD95-6BD9253BD992}.Debug|x64.ActiveCfg = Debug|Any CPU
		{5EC2EAF7-A0BE-4901-BD95-6BD9253BD992}.Debug|x64.Build.0 = Debug|Any CPU
		{5EC2EAF7-A0BE-4901-BD95-6BD9253BD992}.Debug|x86.ActiveCfg = Debug|Any CPU
		{5EC2EAF7-A0BE-4901-BD95-6BD9253BD992}.Debug|x86.Build.0 = Debug|Any CPU
		{5EC2EAF7-A0BE-4901-BD95-6BD9253BD992}.Release|Any CPU.ActiveCfg = Release|Any CPU
		{5EC2EAF7-A0BE-4901-BD95-6BD9253BD992}.Release|Any CPU.Build.0 = Release|Any CPU
		{5EC2EAF7-A0BE-4901-BD95-6BD9253BD992}.Release|x64.ActiveCfg = Release|Any CPU
		{5EC2EAF7-A0BE-4901-BD95-6BD9253BD992}.Release|x64.Build.0 = Release|Any CPU
		{5EC2EAF7-A0BE-4901-BD95-6BD9253BD992}.Release|x86.ActiveCfg = Release|Any CPU
		{5EC2EAF7-A0BE-4901-BD95-6BD9253BD992}.Release|x86.Build.0 = Release|Any CPU
		{BE3EF27C-D753-4FF2-A80C-6E9FA17E5AE7}.Debug|Any CPU.ActiveCfg = Debug|x86
		{BE3EF27C-D753-4FF2-A80C-6E9FA17E5AE7}.Debug|Any CPU.Build.0 = Debug|x86
		{BE3EF27C-D753-4FF2-A80C-6E9FA17E5AE7}.Debug|x64.ActiveCfg = Debug|x64
		{BE3EF27C-D753-4FF2-A80C-6E9FA17E5AE7}.Debug|x64.Build.0 = Debug|x64
		{BE3EF27C-D753-4FF2-A80C-6E9FA17E5AE7}.Debug|x86.ActiveCfg = Debug|x86
		{BE3EF27C-D753-4FF2-A80C-6E9FA17E5AE7}.Debug|x86.Build.0 = Debug|x86
		{BE3EF27C-D753-4FF2-A80C-6E9FA17E5AE7}.Release|Any CPU.ActiveCfg = Release|x86
		{BE3EF27C-D753-4FF2-A80C-6E9FA17E5AE7}.Release|Any CPU.Build.0 = Release|x86
		{BE3EF27C-D753-4FF2-A80C-6E9FA17E5AE7}.Release|x64.ActiveCfg = Release|x64
		{BE3EF27C-D753-4FF2-A80C-6E9FA17E5AE7}.Release|x64.Build.0 = Release|x64
		{BE3EF27C-D753-4FF2-A80C-6E9FA17E5AE7}.Release|x86.ActiveCfg = Release|x86
		{BE3EF27C-D753-4FF2-A80C-6E9FA17E5AE7}.Release|x86.Build.0 = Release|x86
	EndGlobalSection
	GlobalSection(SolutionProperties) = preSolution
		HideSolutionNode = FALSE
	EndGlobalSection
EndGlobal
